
Microsoft Visual Studio Solution File, Format Version 12.00
# Visual Studio Version 16
VisualStudioVersion = 16.0.32510.428
MinimumVisualStudioVersion = 10.0.40219.1
Project("{9A19103F-16F7-4668-BE54-9A1E7A4F7556}") = "TopstoriesAPI", "TopstoriesAPI\TopstoriesAPI.csproj", "{3B02A45E-DF35-4999-BC34-4A31E95D4641}"
EndProject
Project("{FAE04EC0-301F-11D3-BF4B-00C04F79EFBC}") = "TopstoriesWeb", "TopstoriesWeb\TopstoriesWeb.csproj", "{9B74F087-6524-435C-8916-44712227A760}"
EndProject
Global
	GlobalSection(SolutionConfigurationPlatforms) = preSolution
		Debug|Any CPU = Debug|Any CPU
		Release|Any CPU = Release|Any CPU
	EndGlobalSection
	GlobalSection(ProjectConfigurationPlatforms) = postSolution
		{3B02A45E-DF35-4999-BC34-4A31E95D4641}.Debug|Any CPU.ActiveCfg = Debug|Any CPU
		{3B02A45E-DF35-4999-BC34-4A31E95D4641}.Debug|Any CPU.Build.0 = Debug|Any CPU
		{3B02A45E-DF35-4999-BC34-4A31E95D4641}.Release|Any CPU.ActiveCfg = Release|Any CPU
		{3B02A45E-DF35-4999-BC34-4A31E95D4641}.Release|Any CPU.Build.0 = Release|Any CPU
		{9B74F087-6524-435C-8916-44712227A760}.Debug|Any CPU.ActiveCfg = Debug|Any CPU
		{9B74F087-6524-435C-8916-44712227A760}.Debug|Any CPU.Build.0 = Debug|Any CPU
		{9B74F087-6524-435C-8916-44712227A760}.Release|Any CPU.ActiveCfg = Release|Any CPU
		{9B74F087-6524-435C-8916-44712227A760}.Release|Any CPU.Build.0 = Release|Any CPU
	EndGlobalSection
	GlobalSection(SolutionProperties) = preSolution
		HideSolutionNode = FALSE
	EndGlobalSection
	GlobalSection(ExtensibilityGlobals) = postSolution
		SolutionGuid = {312D0377-3863-4B9E-AAA6-C75E3DC7D0AA}
	EndGlobalSection
EndGlobal
